
Microsoft Visual Studio Solution File, Format Version 12.00
# Visual Studio Version 16
VisualStudioVersion = 16.0.31025.194
MinimumVisualStudioVersion = 10.0.40219.1
Project("{FAE04EC0-301F-11D3-BF4B-00C04F79EFBC}") = "EMovieManagement", "WebApplication1\EMovieManagement.csproj", "{9BC6A3D8-410B-4DC2-8C0C-B6C5EF1CDAD3}"
EndProject
Global
	GlobalSection(SolutionConfigurationPlatforms) = preSolution
		Debug|Any CPU = Debug|Any CPU
		Release|Any CPU = Release|Any CPU
	EndGlobalSection
	GlobalSection(ProjectConfigurationPlatforms) = postSolution
		{9BC6A3D8-410B-4DC2-8C0C-B6C5EF1CDAD3}.Debug|Any CPU.ActiveCfg = Debug|Any CPU
		{9BC6A3D8-410B-4DC2-8C0C-B6C5EF1CDAD3}.Debug|Any CPU.Build.0 = Debug|Any CPU
		{9BC6A3D8-410B-4DC2-8C0C-B6C5EF1CDAD3}.Release|Any CPU.ActiveCfg = Release|Any CPU
		{9BC6A3D8-410B-4DC2-8C0C-B6C5EF1CDAD3}.Release|Any CPU.Build.0 = Release|Any CPU
	EndGlobalSection
	GlobalSection(SolutionProperties) = preSolution
		HideSolutionNode = FALSE
	EndGlobalSection
	GlobalSection(ExtensibilityGlobals) = postSolution
		SolutionGuid = {B5F71757-1759-4329-9C16-04C1B83A6622}
	EndGlobalSection
EndGlobal
